// !$*UTF8*$!
{
	archiveVersion = 1;
	classes = {
	};
	objectVersion = 56;
	objects = {

/* Begin PBXBuildFile section */
		B026216B29383B9D00F60496 /* NibUIButtonViewController.xib in Resources */ = {isa = PBXBuildFile; fileRef = B026216A29383B9D00F60496 /* NibUIButtonViewController.xib */; };
		B026216E2938516F00F60496 /* CustomNibUITableViewCell.swift in Sources */ = {isa = PBXBuildFile; fileRef = B026216D2938516F00F60496 /* CustomNibUITableViewCell.swift */; };
		B02621702938517A00F60496 /* CustomNibUITableViewCell.xib in Resources */ = {isa = PBXBuildFile; fileRef = B026216F2938517A00F60496 /* CustomNibUITableViewCell.xib */; };
		B0262172293851A800F60496 /* NibUITableViewCellViewController.swift in Sources */ = {isa = PBXBuildFile; fileRef = B0262171293851A800F60496 /* NibUITableViewCellViewController.swift */; };
		B026217529387B6F00F60496 /* CustomNibUICollectionViewCell.swift in Sources */ = {isa = PBXBuildFile; fileRef = B026217429387B6F00F60496 /* CustomNibUICollectionViewCell.swift */; };
		B026217729387B7A00F60496 /* CustomNibUICollectionViewCell.xib in Resources */ = {isa = PBXBuildFile; fileRef = B026217629387B7A00F60496 /* CustomNibUICollectionViewCell.xib */; };
		B026217929387B8A00F60496 /* NibUICollectionViewCellViewController.swift in Sources */ = {isa = PBXBuildFile; fileRef = B026217829387B8A00F60496 /* NibUICollectionViewCellViewController.swift */; };
		B026217B2939853900F60496 /* .swiftlint.yml in Resources */ = {isa = PBXBuildFile; fileRef = B026217A2939853900F60496 /* .swiftlint.yml */; };
		B026AEEF29382CE200F92ADA /* NibUIViewController.swift in Sources */ = {isa = PBXBuildFile; fileRef = B026AEEC29382CE200F92ADA /* NibUIViewController.swift */; };
		B026AEF029382CE200F92ADA /* CustomNibUIView.swift in Sources */ = {isa = PBXBuildFile; fileRef = B026AEED29382CE200F92ADA /* CustomNibUIView.swift */; };
		B026AEF129382CE200F92ADA /* CustomNibUIView.xib in Resources */ = {isa = PBXBuildFile; fileRef = B026AEEE29382CE200F92ADA /* CustomNibUIView.xib */; };
		B026AEFD2938361500F92ADA /* CustomNibUIButton.swift in Sources */ = {isa = PBXBuildFile; fileRef = B026AEFC2938361500F92ADA /* CustomNibUIButton.swift */; };
		B026AEFF2938369600F92ADA /* CustomNibUIButton.xib in Resources */ = {isa = PBXBuildFile; fileRef = B026AEFE2938369600F92ADA /* CustomNibUIButton.xib */; };
		B026AF01293836C400F92ADA /* NibUIButtonViewController.swift in Sources */ = {isa = PBXBuildFile; fileRef = B026AF00293836C400F92ADA /* NibUIButtonViewController.swift */; };
		B05BD9022936EBE7000A99E3 /* AppDelegate.swift in Sources */ = {isa = PBXBuildFile; fileRef = B05BD9012936EBE7000A99E3 /* AppDelegate.swift */; };
		B05BD9042936EBE7000A99E3 /* SceneDelegate.swift in Sources */ = {isa = PBXBuildFile; fileRef = B05BD9032936EBE7000A99E3 /* SceneDelegate.swift */; };
		B05BD9062936EBE7000A99E3 /* ViewController.swift in Sources */ = {isa = PBXBuildFile; fileRef = B05BD9052936EBE7000A99E3 /* ViewController.swift */; };
		B05BD9092936EBE7000A99E3 /* Main.storyboard in Resources */ = {isa = PBXBuildFile; fileRef = B05BD9072936EBE7000A99E3 /* Main.storyboard */; };
		B05BD90B2936EBE7000A99E3 /* Assets.xcassets in Resources */ = {isa = PBXBuildFile; fileRef = B05BD90A2936EBE7000A99E3 /* Assets.xcassets */; };
		B05BD90E2936EBE7000A99E3 /* LaunchScreen.storyboard in Resources */ = {isa = PBXBuildFile; fileRef = B05BD90C2936EBE7000A99E3 /* LaunchScreen.storyboard */; };
		B05BD9192936EC62000A99E3 /* ImgBaseUI in Frameworks */ = {isa = PBXBuildFile; productRef = B05BD9182936EC62000A99E3 /* ImgBaseUI */; };
/* End PBXBuildFile section */

/* Begin PBXFileReference section */
		B026216A29383B9D00F60496 /* NibUIButtonViewController.xib */ = {isa = PBXFileReference; lastKnownFileType = file.xib; path = NibUIButtonViewController.xib; sourceTree = "<group>"; };
		B026216D2938516F00F60496 /* CustomNibUITableViewCell.swift */ = {isa = PBXFileReference; lastKnownFileType = sourcecode.swift; path = CustomNibUITableViewCell.swift; sourceTree = "<group>"; };
		B026216F2938517A00F60496 /* CustomNibUITableViewCell.xib */ = {isa = PBXFileReference; lastKnownFileType = file.xib; path = CustomNibUITableViewCell.xib; sourceTree = "<group>"; };
		B0262171293851A800F60496 /* NibUITableViewCellViewController.swift */ = {isa = PBXFileReference; lastKnownFileType = sourcecode.swift; path = NibUITableViewCellViewController.swift; sourceTree = "<group>"; };
		B026217429387B6F00F60496 /* CustomNibUICollectionViewCell.swift */ = {isa = PBXFileReference; lastKnownFileType = sourcecode.swift; path = CustomNibUICollectionViewCell.swift; sourceTree = "<group>"; };
		B026217629387B7A00F60496 /* CustomNibUICollectionViewCell.xib */ = {isa = PBXFileReference; lastKnownFileType = file.xib; path = CustomNibUICollectionViewCell.xib; sourceTree = "<group>"; };
		B026217829387B8A00F60496 /* NibUICollectionViewCellViewController.swift */ = {isa = PBXFileReference; lastKnownFileType = sourcecode.swift; path = NibUICollectionViewCellViewController.swift; sourceTree = "<group>"; };
		B026217A2939853900F60496 /* .swiftlint.yml */ = {isa = PBXFileReference; lastKnownFileType = text.yaml; path = .swiftlint.yml; sourceTree = "<group>"; };
		B026AEEC29382CE200F92ADA /* NibUIViewController.swift */ = {isa = PBXFileReference; fileEncoding = 4; lastKnownFileType = sourcecode.swift; path = NibUIViewController.swift; sourceTree = "<group>"; };
		B026AEED29382CE200F92ADA /* CustomNibUIView.swift */ = {isa = PBXFileReference; fileEncoding = 4; lastKnownFileType = sourcecode.swift; path = CustomNibUIView.swift; sourceTree = "<group>"; };
		B026AEEE29382CE200F92ADA /* CustomNibUIView.xib */ = {isa = PBXFileReference; fileEncoding = 4; lastKnownFileType = file.xib; path = CustomNibUIView.xib; sourceTree = "<group>"; };
		B026AEFC2938361500F92ADA /* CustomNibUIButton.swift */ = {isa = PBXFileReference; lastKnownFileType = sourcecode.swift; path = CustomNibUIButton.swift; sourceTree = "<group>"; };
		B026AEFE2938369600F92ADA /* CustomNibUIButton.xib */ = {isa = PBXFileReference; lastKnownFileType = file.xib; path = CustomNibUIButton.xib; sourceTree = "<group>"; };
		B026AF00293836C400F92ADA /* NibUIButtonViewController.swift */ = {isa = PBXFileReference; lastKnownFileType = sourcecode.swift; path = NibUIButtonViewController.swift; sourceTree = "<group>"; };
		B05BD8FE2936EBE7000A99E3 /* ImgBaseUI_Example.app */ = {isa = PBXFileReference; explicitFileType = wrapper.application; includeInIndex = 0; path = ImgBaseUI_Example.app; sourceTree = BUILT_PRODUCTS_DIR; };
		B05BD9012936EBE7000A99E3 /* AppDelegate.swift */ = {isa = PBXFileReference; lastKnownFileType = sourcecode.swift; path = AppDelegate.swift; sourceTree = "<group>"; };
		B05BD9032936EBE7000A99E3 /* SceneDelegate.swift */ = {isa = PBXFileReference; lastKnownFileType = sourcecode.swift; path = SceneDelegate.swift; sourceTree = "<group>"; };
		B05BD9052936EBE7000A99E3 /* ViewController.swift */ = {isa = PBXFileReference; lastKnownFileType = sourcecode.swift; path = ViewController.swift; sourceTree = "<group>"; };
		B05BD9082936EBE7000A99E3 /* Base */ = {isa = PBXFileReference; lastKnownFileType = file.storyboard; name = Base; path = Base.lproj/Main.storyboard; sourceTree = "<group>"; };
		B05BD90A2936EBE7000A99E3 /* Assets.xcassets */ = {isa = PBXFileReference; lastKnownFileType = folder.assetcatalog; path = Assets.xcassets; sourceTree = "<group>"; };
		B05BD90D2936EBE7000A99E3 /* Base */ = {isa = PBXFileReference; lastKnownFileType = file.storyboard; name = Base; path = Base.lproj/LaunchScreen.storyboard; sourceTree = "<group>"; };
		B05BD90F2936EBE7000A99E3 /* Info.plist */ = {isa = PBXFileReference; lastKnownFileType = text.plist.xml; path = Info.plist; sourceTree = "<group>"; };
		B05BD9162936EC4D000A99E3 /* imgbase-kit */ = {isa = PBXFileReference; lastKnownFileType = wrapper; name = "imgbase-kit"; path = ../..; sourceTree = "<group>"; };
/* End PBXFileReference section */

/* Begin PBXFrameworksBuildPhase section */
		B05BD8FB2936EBE7000A99E3 /* Frameworks */ = {
			isa = PBXFrameworksBuildPhase;
			buildActionMask = 2147483647;
			files = (
				B05BD9192936EC62000A99E3 /* ImgBaseUI in Frameworks */,
			);
			runOnlyForDeploymentPostprocessing = 0;
		};
/* End PBXFrameworksBuildPhase section */

/* Begin PBXGroup section */
		B026216C2938515400F60496 /* NibUITableViewCell */ = {
			isa = PBXGroup;
			children = (
				B026216D2938516F00F60496 /* CustomNibUITableViewCell.swift */,
				B026216F2938517A00F60496 /* CustomNibUITableViewCell.xib */,
				B0262171293851A800F60496 /* NibUITableViewCellViewController.swift */,
			);
			path = NibUITableViewCell;
			sourceTree = "<group>";
		};
		B026217329387B1B00F60496 /* NibUICollectionViewCell */ = {
			isa = PBXGroup;
			children = (
				B026217429387B6F00F60496 /* CustomNibUICollectionViewCell.swift */,
				B026217629387B7A00F60496 /* CustomNibUICollectionViewCell.xib */,
				B026217829387B8A00F60496 /* NibUICollectionViewCellViewController.swift */,
			);
			path = NibUICollectionViewCell;
			sourceTree = "<group>";
		};
		B026AEEB29382CD400F92ADA /* NibUIView */ = {
			isa = PBXGroup;
			children = (
				B026AEED29382CE200F92ADA /* CustomNibUIView.swift */,
				B026AEEE29382CE200F92ADA /* CustomNibUIView.xib */,
				B026AEEC29382CE200F92ADA /* NibUIViewController.swift */,
			);
			path = NibUIView;
			sourceTree = "<group>";
		};
		B026AEFB2938360100F92ADA /* NibUIButton */ = {
			isa = PBXGroup;
			children = (
				B026AEFC2938361500F92ADA /* CustomNibUIButton.swift */,
				B026AEFE2938369600F92ADA /* CustomNibUIButton.xib */,
				B026AF00293836C400F92ADA /* NibUIButtonViewController.swift */,
				B026216A29383B9D00F60496 /* NibUIButtonViewController.xib */,
			);
			path = NibUIButton;
			sourceTree = "<group>";
		};
		B05BD8F52936EBE7000A99E3 = {
			isa = PBXGroup;
			children = (
				B026217A2939853900F60496 /* .swiftlint.yml */,
				B05BD9152936EC4D000A99E3 /* Packages */,
				B05BD9002936EBE7000A99E3 /* ImgBaseUI_Example */,
				B05BD8FF2936EBE7000A99E3 /* Products */,
				B05BD9172936EC62000A99E3 /* Frameworks */,
			);
			sourceTree = "<group>";
		};
		B05BD8FF2936EBE7000A99E3 /* Products */ = {
			isa = PBXGroup;
			children = (
				B05BD8FE2936EBE7000A99E3 /* ImgBaseUI_Example.app */,
			);
			name = Products;
			sourceTree = "<group>";
		};
		B05BD9002936EBE7000A99E3 /* ImgBaseUI_Example */ = {
			isa = PBXGroup;
			children = (
				B05BD9012936EBE7000A99E3 /* AppDelegate.swift */,
				B05BD9032936EBE7000A99E3 /* SceneDelegate.swift */,
				B05BD9052936EBE7000A99E3 /* ViewController.swift */,
				B026AEEB29382CD400F92ADA /* NibUIView */,
				B026AEFB2938360100F92ADA /* NibUIButton */,
				B026216C2938515400F60496 /* NibUITableViewCell */,
				B026217329387B1B00F60496 /* NibUICollectionViewCell */,
				B05BD9072936EBE7000A99E3 /* Main.storyboard */,
				B05BD90A2936EBE7000A99E3 /* Assets.xcassets */,
				B05BD90C2936EBE7000A99E3 /* LaunchScreen.storyboard */,
				B05BD90F2936EBE7000A99E3 /* Info.plist */,
			);
			path = ImgBaseUI_Example;
			sourceTree = "<group>";
		};
		B05BD9152936EC4D000A99E3 /* Packages */ = {
			isa = PBXGroup;
			children = (
				B05BD9162936EC4D000A99E3 /* imgbase-kit */,
			);
			name = Packages;
			sourceTree = "<group>";
		};
		B05BD9172936EC62000A99E3 /* Frameworks */ = {
			isa = PBXGroup;
			children = (
			);
			name = Frameworks;
			sourceTree = "<group>";
		};
/* End PBXGroup section */

/* Begin PBXNativeTarget section */
		B05BD8FD2936EBE7000A99E3 /* ImgBaseUI_Example */ = {
			isa = PBXNativeTarget;
			buildConfigurationList = B05BD9122936EBE7000A99E3 /* Build configuration list for PBXNativeTarget "ImgBaseUI_Example" */;
			buildPhases = (
				B05BD8FA2936EBE7000A99E3 /* Sources */,
				B05BD8FB2936EBE7000A99E3 /* Frameworks */,
				B05BD8FC2936EBE7000A99E3 /* Resources */,
				437AF35E29388DCE00FF07B1 /* Run SwiftLint Script */,
			);
			buildRules = (
			);
			dependencies = (
			);
			name = ImgBaseUI_Example;
			packageProductDependencies = (
				B05BD9182936EC62000A99E3 /* ImgBaseUI */,
			);
			productName = ImgBaseUI_Example;
			productReference = B05BD8FE2936EBE7000A99E3 /* ImgBaseUI_Example.app */;
			productType = "com.apple.product-type.application";
		};
/* End PBXNativeTarget section */

/* Begin PBXProject section */
		B05BD8F62936EBE7000A99E3 /* Project object */ = {
			isa = PBXProject;
			attributes = {
				BuildIndependentTargetsInParallel = 1;
				LastSwiftUpdateCheck = 1410;
				LastUpgradeCheck = 1410;
				TargetAttributes = {
					B05BD8FD2936EBE7000A99E3 = {
						CreatedOnToolsVersion = 14.1;
					};
				};
			};
			buildConfigurationList = B05BD8F92936EBE7000A99E3 /* Build configuration list for PBXProject "ImgBaseUI_Example" */;
			compatibilityVersion = "Xcode 14.0";
			developmentRegion = en;
			hasScannedForEncodings = 0;
			knownRegions = (
				en,
				Base,
			);
			mainGroup = B05BD8F52936EBE7000A99E3;
			productRefGroup = B05BD8FF2936EBE7000A99E3 /* Products */;
			projectDirPath = "";
			projectRoot = "";
			targets = (
				B05BD8FD2936EBE7000A99E3 /* ImgBaseUI_Example */,
			);
		};
/* End PBXProject section */

/* Begin PBXResourcesBuildPhase section */
		B05BD8FC2936EBE7000A99E3 /* Resources */ = {
			isa = PBXResourcesBuildPhase;
			buildActionMask = 2147483647;
			files = (
				B026217B2939853900F60496 /* .swiftlint.yml in Resources */,
				B026216B29383B9D00F60496 /* NibUIButtonViewController.xib in Resources */,
				B026217729387B7A00F60496 /* CustomNibUICollectionViewCell.xib in Resources */,
				B05BD90E2936EBE7000A99E3 /* LaunchScreen.storyboard in Resources */,
				B02621702938517A00F60496 /* CustomNibUITableViewCell.xib in Resources */,
				B026AEF129382CE200F92ADA /* CustomNibUIView.xib in Resources */,
				B05BD90B2936EBE7000A99E3 /* Assets.xcassets in Resources */,
				B05BD9092936EBE7000A99E3 /* Main.storyboard in Resources */,
				B026AEFF2938369600F92ADA /* CustomNibUIButton.xib in Resources */,
			);
			runOnlyForDeploymentPostprocessing = 0;
		};
/* End PBXResourcesBuildPhase section */

/* Begin PBXShellScriptBuildPhase section */
		437AF35E29388DCE00FF07B1 /* Run SwiftLint Script */ = {
			isa = PBXShellScriptBuildPhase;
			alwaysOutOfDate = 1;
			buildActionMask = 2147483647;
			files = (
			);
			inputFileListPaths = (
			);
			inputPaths = (
			);
			name = "Run SwiftLint Script";
			outputFileListPaths = (
			);
			outputPaths = (
			);
			runOnlyForDeploymentPostprocessing = 0;
			shellPath = /bin/sh;
			shellScript = "export PATH=\"$PATH:/opt/homebrew/bin\"\nif which swiftlint > /dev/null; then\n  swiftlint\nelse\n  echo \"warning: SwiftLint not installed, download from https://github.com/realm/SwiftLint\"\nfi\n";
		};
/* End PBXShellScriptBuildPhase section */

/* Begin PBXSourcesBuildPhase section */
		B05BD8FA2936EBE7000A99E3 /* Sources */ = {
			isa = PBXSourcesBuildPhase;
			buildActionMask = 2147483647;
			files = (
				B026AEF029382CE200F92ADA /* CustomNibUIView.swift in Sources */,
				B05BD9062936EBE7000A99E3 /* ViewController.swift in Sources */,
				B026AEFD2938361500F92ADA /* CustomNibUIButton.swift in Sources */,
				B05BD9022936EBE7000A99E3 /* AppDelegate.swift in Sources */,
				B05BD9042936EBE7000A99E3 /* SceneDelegate.swift in Sources */,
				B026217529387B6F00F60496 /* CustomNibUICollectionViewCell.swift in Sources */,
				B026AF01293836C400F92ADA /* NibUIButtonViewController.swift in Sources */,
				B026216E2938516F00F60496 /* CustomNibUITableViewCell.swift in Sources */,
				B0262172293851A800F60496 /* NibUITableViewCellViewController.swift in Sources */,
				B026AEEF29382CE200F92ADA /* NibUIViewController.swift in Sources */,
				B026217929387B8A00F60496 /* NibUICollectionViewCellViewController.swift in Sources */,
			);
			runOnlyForDeploymentPostprocessing = 0;
		};
/* End PBXSourcesBuildPhase section */

/* Begin PBXVariantGroup section */
		B05BD9072936EBE7000A99E3 /* Main.storyboard */ = {
			isa = PBXVariantGroup;
			children = (
				B05BD9082936EBE7000A99E3 /* Base */,
			);
			name = Main.storyboard;
			sourceTree = "<group>";
		};
		B05BD90C2936EBE7000A99E3 /* LaunchScreen.storyboard */ = {
			isa = PBXVariantGroup;
			children = (
				B05BD90D2936EBE7000A99E3 /* Base */,
			);
			name = LaunchScreen.storyboard;
			sourceTree = "<group>";
		};
/* End PBXVariantGroup section */

/* Begin XCBuildConfiguration section */
		B05BD9102936EBE7000A99E3 /* Debug */ = {
			isa = XCBuildConfiguration;
			buildSettings = {
				ALWAYS_SEARCH_USER_PATHS = NO;
				CLANG_ANALYZER_NONNULL = YES;
				CLANG_ANALYZER_NUMBER_OBJECT_CONVERSION = YES_AGGRESSIVE;
				CLANG_CXX_LANGUAGE_STANDARD = "gnu++20";
				CLANG_ENABLE_MODULES = YES;
				CLANG_ENABLE_OBJC_ARC = YES;
				CLANG_ENABLE_OBJC_WEAK = YES;
				CLANG_WARN_BLOCK_CAPTURE_AUTORELEASING = YES;
				CLANG_WARN_BOOL_CONVERSION = YES;
				CLANG_WARN_COMMA = YES;
				CLANG_WARN_CONSTANT_CONVERSION = YES;
				CLANG_WARN_DEPRECATED_OBJC_IMPLEMENTATIONS = YES;
				CLANG_WARN_DIRECT_OBJC_ISA_USAGE = YES_ERROR;
				CLANG_WARN_DOCUMENTATION_COMMENTS = YES;
				CLANG_WARN_EMPTY_BODY = YES;
				CLANG_WARN_ENUM_CONVERSION = YES;
				CLANG_WARN_INFINITE_RECURSION = YES;
				CLANG_WARN_INT_CONVERSION = YES;
				CLANG_WARN_NON_LITERAL_NULL_CONVERSION = YES;
				CLANG_WARN_OBJC_IMPLICIT_RETAIN_SELF = YES;
				CLANG_WARN_OBJC_LITERAL_CONVERSION = YES;
				CLANG_WARN_OBJC_ROOT_CLASS = YES_ERROR;
				CLANG_WARN_QUOTED_INCLUDE_IN_FRAMEWORK_HEADER = YES;
				CLANG_WARN_RANGE_LOOP_ANALYSIS = YES;
				CLANG_WARN_STRICT_PROTOTYPES = YES;
				CLANG_WARN_SUSPICIOUS_MOVE = YES;
				CLANG_WARN_UNGUARDED_AVAILABILITY = YES_AGGRESSIVE;
				CLANG_WARN_UNREACHABLE_CODE = YES;
				CLANG_WARN__DUPLICATE_METHOD_MATCH = YES;
				COPY_PHASE_STRIP = NO;
				DEBUG_INFORMATION_FORMAT = dwarf;
				ENABLE_STRICT_OBJC_MSGSEND = YES;
				ENABLE_TESTABILITY = YES;
				GCC_C_LANGUAGE_STANDARD = gnu11;
				GCC_DYNAMIC_NO_PIC = NO;
				GCC_NO_COMMON_BLOCKS = YES;
				GCC_OPTIMIZATION_LEVEL = 0;
				GCC_PREPROCESSOR_DEFINITIONS = (
					"DEBUG=1",
					"$(inherited)",
				);
				GCC_WARN_64_TO_32_BIT_CONVERSION = YES;
				GCC_WARN_ABOUT_RETURN_TYPE = YES_ERROR;
				GCC_WARN_UNDECLARED_SELECTOR = YES;
				GCC_WARN_UNINITIALIZED_AUTOS = YES_AGGRESSIVE;
				GCC_WARN_UNUSED_FUNCTION = YES;
				GCC_WARN_UNUSED_VARIABLE = YES;
				IPHONEOS_DEPLOYMENT_TARGET = 13.0;
				MTL_ENABLE_DEBUG_INFO = INCLUDE_SOURCE;
				MTL_FAST_MATH = YES;
				ONLY_ACTIVE_ARCH = YES;
				SDKROOT = iphoneos;
				SWIFT_ACTIVE_COMPILATION_CONDITIONS = DEBUG;
				SWIFT_OPTIMIZATION_LEVEL = "-Onone";
			};
			name = Debug;
		};
		B05BD9112936EBE7000A99E3 /* Release */ = {
			isa = XCBuildConfiguration;
			buildSettings = {
				ALWAYS_SEARCH_USER_PATHS = NO;
				CLANG_ANALYZER_NONNULL = YES;
				CLANG_ANALYZER_NUMBER_OBJECT_CONVERSION = YES_AGGRESSIVE;
				CLANG_CXX_LANGUAGE_STANDARD = "gnu++20";
				CLANG_ENABLE_MODULES = YES;
				CLANG_ENABLE_OBJC_ARC = YES;
				CLANG_ENABLE_OBJC_WEAK = YES;
				CLANG_WARN_BLOCK_CAPTURE_AUTORELEASING = YES;
				CLANG_WARN_BOOL_CONVERSION = YES;
				CLANG_WARN_COMMA = YES;
				CLANG_WARN_CONSTANT_CONVERSION = YES;
				CLANG_WARN_DEPRECATED_OBJC_IMPLEMENTATIONS = YES;
				CLANG_WARN_DIRECT_OBJC_ISA_USAGE = YES_ERROR;
				CLANG_WARN_DOCUMENTATION_COMMENTS = YES;
				CLANG_WARN_EMPTY_BODY = YES;
				CLANG_WARN_ENUM_CONVERSION = YES;
				CLANG_WARN_INFINITE_RECURSION = YES;
				CLANG_WARN_INT_CONVERSION = YES;
				CLANG_WARN_NON_LITERAL_NULL_CONVERSION = YES;
				CLANG_WARN_OBJC_IMPLICIT_RETAIN_SELF = YES;
				CLANG_WARN_OBJC_LITERAL_CONVERSION = YES;
				CLANG_WARN_OBJC_ROOT_CLASS = YES_ERROR;
				CLANG_WARN_QUOTED_INCLUDE_IN_FRAMEWORK_HEADER = YES;
				CLANG_WARN_RANGE_LOOP_ANALYSIS = YES;
				CLANG_WARN_STRICT_PROTOTYPES = YES;
				CLANG_WARN_SUSPICIOUS_MOVE = YES;
				CLANG_WARN_UNGUARDED_AVAILABILITY = YES_AGGRESSIVE;
				CLANG_WARN_UNREACHABLE_CODE = YES;
				CLANG_WARN__DUPLICATE_METHOD_MATCH = YES;
				COPY_PHASE_STRIP = NO;
				DEBUG_INFORMATION_FORMAT = "dwarf-with-dsym";
				ENABLE_NS_ASSERTIONS = NO;
				ENABLE_STRICT_OBJC_MSGSEND = YES;
				GCC_C_LANGUAGE_STANDARD = gnu11;
				GCC_NO_COMMON_BLOCKS = YES;
				GCC_WARN_64_TO_32_BIT_CONVERSION = YES;
				GCC_WARN_ABOUT_RETURN_TYPE = YES_ERROR;
				GCC_WARN_UNDECLARED_SELECTOR = YES;
				GCC_WARN_UNINITIALIZED_AUTOS = YES_AGGRESSIVE;
				GCC_WARN_UNUSED_FUNCTION = YES;
				GCC_WARN_UNUSED_VARIABLE = YES;
				IPHONEOS_DEPLOYMENT_TARGET = 13.0;
				MTL_ENABLE_DEBUG_INFO = NO;
				MTL_FAST_MATH = YES;
				SDKROOT = iphoneos;
				SWIFT_COMPILATION_MODE = wholemodule;
				SWIFT_OPTIMIZATION_LEVEL = "-O";
				VALIDATE_PRODUCT = YES;
			};
			name = Release;
		};
		B05BD9132936EBE7000A99E3 /* Debug */ = {
			isa = XCBuildConfiguration;
			buildSettings = {
				ASSETCATALOG_COMPILER_APPICON_NAME = AppIcon;
				ASSETCATALOG_COMPILER_GLOBAL_ACCENT_COLOR_NAME = AccentColor;
				CODE_SIGN_STYLE = Automatic;
				CURRENT_PROJECT_VERSION = 1;
				DEVELOPMENT_TEAM = 56D2275682;
				GENERATE_INFOPLIST_FILE = YES;
				INFOPLIST_FILE = ImgBaseUI_Example/Info.plist;
				INFOPLIST_KEY_UIApplicationSupportsIndirectInputEvents = YES;
				INFOPLIST_KEY_UILaunchStoryboardName = LaunchScreen;
				INFOPLIST_KEY_UIMainStoryboardFile = Main;
				INFOPLIST_KEY_UISupportedInterfaceOrientations_iPad = "UIInterfaceOrientationPortrait UIInterfaceOrientationPortraitUpsideDown UIInterfaceOrientationLandscapeLeft UIInterfaceOrientationLandscapeRight";
				INFOPLIST_KEY_UISupportedInterfaceOrientations_iPhone = "UIInterfaceOrientationPortrait UIInterfaceOrientationLandscapeLeft UIInterfaceOrientationLandscapeRight";
				IPHONEOS_DEPLOYMENT_TARGET = 13.0;
				LD_RUNPATH_SEARCH_PATHS = (
					"$(inherited)",
					"@executable_path/Frameworks",
				);
				MARKETING_VERSION = 1.0;
				PRODUCT_BUNDLE_IDENTIFIER = "me.imgbase.imgbase-kit.ImgBaseUI-Example";
				PRODUCT_NAME = "$(TARGET_NAME)";
				SWIFT_EMIT_LOC_STRINGS = YES;
				SWIFT_VERSION = 5.0;
				TARGETED_DEVICE_FAMILY = "1,2";
			};
			name = Debug;
		};
		B05BD9142936EBE7000A99E3 /* Release */ = {
			isa = XCBuildConfiguration;
			buildSettings = {
				ASSETCATALOG_COMPILER_APPICON_NAME = AppIcon;
				ASSETCATALOG_COMPILER_GLOBAL_ACCENT_COLOR_NAME = AccentColor;
				CODE_SIGN_STYLE = Automatic;
				CURRENT_PROJECT_VERSION = 1;
				DEVELOPMENT_TEAM = 56D2275682;
				GENERATE_INFOPLIST_FILE = YES;
				INFOPLIST_FILE = ImgBaseUI_Example/Info.plist;
				INFOPLIST_KEY_UIApplicationSupportsIndirectInputEvents = YES;
				INFOPLIST_KEY_UILaunchStoryboardName = LaunchScreen;
				INFOPLIST_KEY_UIMainStoryboardFile = Main;
				INFOPLIST_KEY_UISupportedInterfaceOrientations_iPad = "UIInterfaceOrientationPortrait UIInterfaceOrientationPortraitUpsideDown UIInterfaceOrientationLandscapeLeft UIInterfaceOrientationLandscapeRight";
				INFOPLIST_KEY_UISupportedInterfaceOrientations_iPhone = "UIInterfaceOrientationPortrait UIInterfaceOrientationLandscapeLeft UIInterfaceOrientationLandscapeRight";
				IPHONEOS_DEPLOYMENT_TARGET = 13.0;
				LD_RUNPATH_SEARCH_PATHS = (
					"$(inherited)",
					"@executable_path/Frameworks",
				);
				MARKETING_VERSION = 1.0;
				PRODUCT_BUNDLE_IDENTIFIER = "me.imgbase.imgbase-kit.ImgBaseUI-Example";
				PRODUCT_NAME = "$(TARGET_NAME)";
				SWIFT_EMIT_LOC_STRINGS = YES;
				SWIFT_VERSION = 5.0;
				TARGETED_DEVICE_FAMILY = "1,2";
			};
			name = Release;
		};
/* End XCBuildConfiguration section */

/* Begin XCConfigurationList section */
		B05BD8F92936EBE7000A99E3 /* Build configuration list for PBXProject "ImgBaseUI_Example" */ = {
			isa = XCConfigurationList;
			buildConfigurations = (
				B05BD9102936EBE7000A99E3 /* Debug */,
				B05BD9112936EBE7000A99E3 /* Release */,
			);
			defaultConfigurationIsVisible = 0;
			defaultConfigurationName = Release;
		};
		B05BD9122936EBE7000A99E3 /* Build configuration list for PBXNativeTarget "ImgBaseUI_Example" */ = {
			isa = XCConfigurationList;
			buildConfigurations = (
				B05BD9132936EBE7000A99E3 /* Debug */,
				B05BD9142936EBE7000A99E3 /* Release */,
			);
			defaultConfigurationIsVisible = 0;
			defaultConfigurationName = Release;
		};
/* End XCConfigurationList section */

/* Begin XCSwiftPackageProductDependency section */
		B05BD9182936EC62000A99E3 /* ImgBaseUI */ = {
			isa = XCSwiftPackageProductDependency;
			productName = ImgBaseUI;
		};
/* End XCSwiftPackageProductDependency section */
	};
	rootObject = B05BD8F62936EBE7000A99E3 /* Project object */;
}
